// !$*UTF8*$!
{
	archiveVersion = 1;
	classes = {
	};
	objectVersion = 55;
	objects = {

/* Begin PBXBuildFile section */
		93988D6D27DA473400DF6BF8 /* AppDelegate.swift in Sources */ = {isa = PBXBuildFile; fileRef = 93988D6C27DA473400DF6BF8 /* AppDelegate.swift */; };
		93988D6F27DA473400DF6BF8 /* SceneDelegate.swift in Sources */ = {isa = PBXBuildFile; fileRef = 93988D6E27DA473400DF6BF8 /* SceneDelegate.swift */; };
		93988D7127DA473400DF6BF8 /* ViewController.swift in Sources */ = {isa = PBXBuildFile; fileRef = 93988D7027DA473400DF6BF8 /* ViewController.swift */; };
		93988D7627DA473500DF6BF8 /* Assets.xcassets in Resources */ = {isa = PBXBuildFile; fileRef = 93988D7527DA473500DF6BF8 /* Assets.xcassets */; };
		93988D7927DA473500DF6BF8 /* LaunchScreen.storyboard in Resources */ = {isa = PBXBuildFile; fileRef = 93988D7727DA473500DF6BF8 /* LaunchScreen.storyboard */; };
		93988D8127DA4AA800DF6BF8 /* SearchVC.swift in Sources */ = {isa = PBXBuildFile; fileRef = 93988D8027DA4AA800DF6BF8 /* SearchVC.swift */; };
		93988D8327DA4AB200DF6BF8 /* ProfileVC.swift in Sources */ = {isa = PBXBuildFile; fileRef = 93988D8227DA4AB200DF6BF8 /* ProfileVC.swift */; };
		93DEBC8627F3B59E00E24D89 /* Constants.swift in Sources */ = {isa = PBXBuildFile; fileRef = 93DEBC8527F3B59E00E24D89 /* Constants.swift */; };
		93DEBC8927F3B7EC00E24D89 /* AlertView.swift in Sources */ = {isa = PBXBuildFile; fileRef = 93DEBC8827F3B7EC00E24D89 /* AlertView.swift */; };
		93DEBC8B27F3B7F700E24D89 /* AlertViewController.swift in Sources */ = {isa = PBXBuildFile; fileRef = 93DEBC8A27F3B7F700E24D89 /* AlertViewController.swift */; };
		93DEBC8D27F3B80100E24D89 /* PopUpManager.swift in Sources */ = {isa = PBXBuildFile; fileRef = 93DEBC8C27F3B80100E24D89 /* PopUpManager.swift */; };
		93DEBC8F27F3B8C200E24D89 /* BaseViewController.swift in Sources */ = {isa = PBXBuildFile; fileRef = 93DEBC8E27F3B8C200E24D89 /* BaseViewController.swift */; };
/* End PBXBuildFile section */

/* Begin PBXFileReference section */
		93988D6927DA473400DF6BF8 /* SofaAcademyMarch.app */ = {isa = PBXFileReference; explicitFileType = wrapper.application; includeInIndex = 0; path = SofaAcademyMarch.app; sourceTree = BUILT_PRODUCTS_DIR; };
		93988D6C27DA473400DF6BF8 /* AppDelegate.swift */ = {isa = PBXFileReference; lastKnownFileType = sourcecode.swift; path = AppDelegate.swift; sourceTree = "<group>"; };
		93988D6E27DA473400DF6BF8 /* SceneDelegate.swift */ = {isa = PBXFileReference; lastKnownFileType = sourcecode.swift; path = SceneDelegate.swift; sourceTree = "<group>"; };
		93988D7027DA473400DF6BF8 /* ViewController.swift */ = {isa = PBXFileReference; lastKnownFileType = sourcecode.swift; path = ViewController.swift; sourceTree = "<group>"; };
		93988D7527DA473500DF6BF8 /* Assets.xcassets */ = {isa = PBXFileReference; lastKnownFileType = folder.assetcatalog; path = Assets.xcassets; sourceTree = "<group>"; };
		93988D7827DA473500DF6BF8 /* Base */ = {isa = PBXFileReference; lastKnownFileType = file.storyboard; name = Base; path = Base.lproj/LaunchScreen.storyboard; sourceTree = "<group>"; };
		93988D7A27DA473500DF6BF8 /* Info.plist */ = {isa = PBXFileReference; lastKnownFileType = text.plist.xml; path = Info.plist; sourceTree = "<group>"; };
		93988D8027DA4AA800DF6BF8 /* SearchVC.swift */ = {isa = PBXFileReference; lastKnownFileType = sourcecode.swift; path = SearchVC.swift; sourceTree = "<group>"; };
		93988D8227DA4AB200DF6BF8 /* ProfileVC.swift */ = {isa = PBXFileReference; lastKnownFileType = sourcecode.swift; path = ProfileVC.swift; sourceTree = "<group>"; };
		93DEBC8527F3B59E00E24D89 /* Constants.swift */ = {isa = PBXFileReference; lastKnownFileType = sourcecode.swift; path = Constants.swift; sourceTree = "<group>"; };
		93DEBC8827F3B7EC00E24D89 /* AlertView.swift */ = {isa = PBXFileReference; lastKnownFileType = sourcecode.swift; path = AlertView.swift; sourceTree = "<group>"; };
		93DEBC8A27F3B7F700E24D89 /* AlertViewController.swift */ = {isa = PBXFileReference; lastKnownFileType = sourcecode.swift; path = AlertViewController.swift; sourceTree = "<group>"; };
		93DEBC8C27F3B80100E24D89 /* PopUpManager.swift */ = {isa = PBXFileReference; lastKnownFileType = sourcecode.swift; path = PopUpManager.swift; sourceTree = "<group>"; };
		93DEBC8E27F3B8C200E24D89 /* BaseViewController.swift */ = {isa = PBXFileReference; lastKnownFileType = sourcecode.swift; path = BaseViewController.swift; sourceTree = "<group>"; };
/* End PBXFileReference section */

/* Begin PBXFrameworksBuildPhase section */
		93988D6627DA473400DF6BF8 /* Frameworks */ = {
			isa = PBXFrameworksBuildPhase;
			buildActionMask = 2147483647;
			files = (
			);
			runOnlyForDeploymentPostprocessing = 0;
		};
/* End PBXFrameworksBuildPhase section */

/* Begin PBXGroup section */
		93988D6027DA473400DF6BF8 = {
			isa = PBXGroup;
			children = (
				93988D6B27DA473400DF6BF8 /* SofaAcademyMarch */,
				93988D6A27DA473400DF6BF8 /* Products */,
			);
			sourceTree = "<group>";
		};
		93988D6A27DA473400DF6BF8 /* Products */ = {
			isa = PBXGroup;
			children = (
				93988D6927DA473400DF6BF8 /* SofaAcademyMarch.app */,
			);
			name = Products;
			sourceTree = "<group>";
		};
		93988D6B27DA473400DF6BF8 /* SofaAcademyMarch */ = {
			isa = PBXGroup;
			children = (
				93DEBC7D27F3B4BD00E24D89 /* UIFlow */,
				93DEBC7F27F3B51800E24D89 /* Common */,
				93DEBC7E27F3B50A00E24D89 /* Data */,
				93DEBC8727F3B61C00E24D89 /* SupportingFiles */,
			);
			path = SofaAcademyMarch;
			sourceTree = "<group>";
		};
		93DEBC7D27F3B4BD00E24D89 /* UIFlow */ = {
			isa = PBXGroup;
			children = (
				93988D8227DA4AB200DF6BF8 /* ProfileVC.swift */,
				93988D8027DA4AA800DF6BF8 /* SearchVC.swift */,
				93988D7027DA473400DF6BF8 /* ViewController.swift */,
			);
			path = UIFlow;
			sourceTree = "<group>";
		};
		93DEBC7E27F3B50A00E24D89 /* Data */ = {
			isa = PBXGroup;
			children = (
			);
			path = Data;
			sourceTree = "<group>";
		};
		93DEBC7F27F3B51800E24D89 /* Common */ = {
			isa = PBXGroup;
			children = (
				93DEBC8427F3B58700E24D89 /* Fonts */,
				93DEBC8327F3B57A00E24D89 /* Extensions */,
				93DEBC8227F3B56B00E24D89 /* CustomViews */,
				93DEBC8127F3B52A00E24D89 /* Base */,
				93DEBC8027F3B52200E24D89 /* PopUpManager */,
				93DEBC8527F3B59E00E24D89 /* Constants.swift */,
			);
			path = Common;
			sourceTree = "<group>";
		};
		93DEBC8027F3B52200E24D89 /* PopUpManager */ = {
			isa = PBXGroup;
			children = (
				93DEBC8827F3B7EC00E24D89 /* AlertView.swift */,
				93DEBC8A27F3B7F700E24D89 /* AlertViewController.swift */,
				93DEBC8C27F3B80100E24D89 /* PopUpManager.swift */,
			);
			path = PopUpManager;
			sourceTree = "<group>";
		};
		93DEBC8127F3B52A00E24D89 /* Base */ = {
			isa = PBXGroup;
			children = (
				93DEBC8E27F3B8C200E24D89 /* BaseViewController.swift */,
			);
			path = Base;
			sourceTree = "<group>";
		};
		93DEBC8227F3B56B00E24D89 /* CustomViews */ = {
			isa = PBXGroup;
			children = (
			);
			path = CustomViews;
			sourceTree = "<group>";
		};
		93DEBC8327F3B57A00E24D89 /* Extensions */ = {
			isa = PBXGroup;
			children = (
			);
			path = Extensions;
			sourceTree = "<group>";
		};
		93DEBC8427F3B58700E24D89 /* Fonts */ = {
			isa = PBXGroup;
			children = (
			);
			path = Fonts;
			sourceTree = "<group>";
		};
		93DEBC8727F3B61C00E24D89 /* SupportingFiles */ = {
			isa = PBXGroup;
			children = (
				93988D6C27DA473400DF6BF8 /* AppDelegate.swift */,
				93988D6E27DA473400DF6BF8 /* SceneDelegate.swift */,
				93988D7527DA473500DF6BF8 /* Assets.xcassets */,
				93988D7727DA473500DF6BF8 /* LaunchScreen.storyboard */,
				93988D7A27DA473500DF6BF8 /* Info.plist */,
			);
			path = SupportingFiles;
			sourceTree = "<group>";
		};
/* End PBXGroup section */

/* Begin PBXNativeTarget section */
		93988D6827DA473400DF6BF8 /* SofaAcademyMarch */ = {
			isa = PBXNativeTarget;
			buildConfigurationList = 93988D7D27DA473500DF6BF8 /* Build configuration list for PBXNativeTarget "SofaAcademyMarch" */;
			buildPhases = (
				93988D6527DA473400DF6BF8 /* Sources */,
				93988D6627DA473400DF6BF8 /* Frameworks */,
				93988D6727DA473400DF6BF8 /* Resources */,
			);
			buildRules = (
			);
			dependencies = (
			);
			name = SofaAcademyMarch;
			productName = SofaAcademyMarch;
			productReference = 93988D6927DA473400DF6BF8 /* SofaAcademyMarch.app */;
			productType = "com.apple.product-type.application";
		};
/* End PBXNativeTarget section */

/* Begin PBXProject section */
		93988D6127DA473400DF6BF8 /* Project object */ = {
			isa = PBXProject;
			attributes = {
				BuildIndependentTargetsInParallel = 1;
				LastSwiftUpdateCheck = 1320;
				LastUpgradeCheck = 1320;
				TargetAttributes = {
					93988D6827DA473400DF6BF8 = {
						CreatedOnToolsVersion = 13.2.1;
					};
				};
			};
			buildConfigurationList = 93988D6427DA473400DF6BF8 /* Build configuration list for PBXProject "SofaAcademyMarch" */;
			compatibilityVersion = "Xcode 13.0";
			developmentRegion = en;
			hasScannedForEncodings = 0;
			knownRegions = (
				en,
				Base,
			);
			mainGroup = 93988D6027DA473400DF6BF8;
			productRefGroup = 93988D6A27DA473400DF6BF8 /* Products */;
			projectDirPath = "";
			projectRoot = "";
			targets = (
				93988D6827DA473400DF6BF8 /* SofaAcademyMarch */,
			);
		};
/* End PBXProject section */

/* Begin PBXResourcesBuildPhase section */
		93988D6727DA473400DF6BF8 /* Resources */ = {
			isa = PBXResourcesBuildPhase;
			buildActionMask = 2147483647;
			files = (
				93988D7927DA473500DF6BF8 /* LaunchScreen.storyboard in Resources */,
				93988D7627DA473500DF6BF8 /* Assets.xcassets in Resources */,
			);
			runOnlyForDeploymentPostprocessing = 0;
		};
/* End PBXResourcesBuildPhase section */

/* Begin PBXSourcesBuildPhase section */
		93988D6527DA473400DF6BF8 /* Sources */ = {
			isa = PBXSourcesBuildPhase;
			buildActionMask = 2147483647;
			files = (
				93DEBC8D27F3B80100E24D89 /* PopUpManager.swift in Sources */,
				93988D8127DA4AA800DF6BF8 /* SearchVC.swift in Sources */,
				93988D7127DA473400DF6BF8 /* ViewController.swift in Sources */,
				93DEBC8927F3B7EC00E24D89 /* AlertView.swift in Sources */,
				93DEBC8B27F3B7F700E24D89 /* AlertViewController.swift in Sources */,
				93DEBC8F27F3B8C200E24D89 /* BaseViewController.swift in Sources */,
				93988D6D27DA473400DF6BF8 /* AppDelegate.swift in Sources */,
				93988D6F27DA473400DF6BF8 /* SceneDelegate.swift in Sources */,
				93988D8327DA4AB200DF6BF8 /* ProfileVC.swift in Sources */,
				93DEBC8627F3B59E00E24D89 /* Constants.swift in Sources */,
			);
			runOnlyForDeploymentPostprocessing = 0;
		};
/* End PBXSourcesBuildPhase section */

/* Begin PBXVariantGroup section */
		93988D7727DA473500DF6BF8 /* LaunchScreen.storyboard */ = {
			isa = PBXVariantGroup;
			children = (
				93988D7827DA473500DF6BF8 /* Base */,
			);
			name = LaunchScreen.storyboard;
			sourceTree = "<group>";
		};
/* End PBXVariantGroup section */

/* Begin XCBuildConfiguration section */
		93988D7B27DA473500DF6BF8 /* Debug */ = {
			isa = XCBuildConfiguration;
			buildSettings = {
				ALWAYS_SEARCH_USER_PATHS = NO;
				CLANG_ANALYZER_NONNULL = YES;
				CLANG_ANALYZER_NUMBER_OBJECT_CONVERSION = YES_AGGRESSIVE;
				CLANG_CXX_LANGUAGE_STANDARD = "gnu++17";
				CLANG_CXX_LIBRARY = "libc++";
				CLANG_ENABLE_MODULES = YES;
				CLANG_ENABLE_OBJC_ARC = YES;
				CLANG_ENABLE_OBJC_WEAK = YES;
				CLANG_WARN_BLOCK_CAPTURE_AUTORELEASING = YES;
				CLANG_WARN_BOOL_CONVERSION = YES;
				CLANG_WARN_COMMA = YES;
				CLANG_WARN_CONSTANT_CONVERSION = YES;
				CLANG_WARN_DEPRECATED_OBJC_IMPLEMENTATIONS = YES;
				CLANG_WARN_DIRECT_OBJC_ISA_USAGE = YES_ERROR;
				CLANG_WARN_DOCUMENTATION_COMMENTS = YES;
				CLANG_WARN_EMPTY_BODY = YES;
				CLANG_WARN_ENUM_CONVERSION = YES;
				CLANG_WARN_INFINITE_RECURSION = YES;
				CLANG_WARN_INT_CONVERSION = YES;
				CLANG_WARN_NON_LITERAL_NULL_CONVERSION = YES;
				CLANG_WARN_OBJC_IMPLICIT_RETAIN_SELF = YES;
				CLANG_WARN_OBJC_LITERAL_CONVERSION = YES;
				CLANG_WARN_OBJC_ROOT_CLASS = YES_ERROR;
				CLANG_WARN_QUOTED_INCLUDE_IN_FRAMEWORK_HEADER = YES;
				CLANG_WARN_RANGE_LOOP_ANALYSIS = YES;
				CLANG_WARN_STRICT_PROTOTYPES = YES;
				CLANG_WARN_SUSPICIOUS_MOVE = YES;
				CLANG_WARN_UNGUARDED_AVAILABILITY = YES_AGGRESSIVE;
				CLANG_WARN_UNREACHABLE_CODE = YES;
				CLANG_WARN__DUPLICATE_METHOD_MATCH = YES;
				COPY_PHASE_STRIP = NO;
				DEBUG_INFORMATION_FORMAT = dwarf;
				ENABLE_STRICT_OBJC_MSGSEND = YES;
				ENABLE_TESTABILITY = YES;
				GCC_C_LANGUAGE_STANDARD = gnu11;
				GCC_DYNAMIC_NO_PIC = NO;
				GCC_NO_COMMON_BLOCKS = YES;
				GCC_OPTIMIZATION_LEVEL = 0;
				GCC_PREPROCESSOR_DEFINITIONS = (
					"DEBUG=1",
					"$(inherited)",
				);
				GCC_WARN_64_TO_32_BIT_CONVERSION = YES;
				GCC_WARN_ABOUT_RETURN_TYPE = YES_ERROR;
				GCC_WARN_UNDECLARED_SELECTOR = YES;
				GCC_WARN_UNINITIALIZED_AUTOS = YES_AGGRESSIVE;
				GCC_WARN_UNUSED_FUNCTION = YES;
				GCC_WARN_UNUSED_VARIABLE = YES;
				IPHONEOS_DEPLOYMENT_TARGET = 14.0;
				MTL_ENABLE_DEBUG_INFO = INCLUDE_SOURCE;
				MTL_FAST_MATH = YES;
				ONLY_ACTIVE_ARCH = YES;
				SDKROOT = iphoneos;
				SWIFT_ACTIVE_COMPILATION_CONDITIONS = DEBUG;
				SWIFT_OPTIMIZATION_LEVEL = "-Onone";
			};
			name = Debug;
		};
		93988D7C27DA473500DF6BF8 /* Release */ = {
			isa = XCBuildConfiguration;
			buildSettings = {
				ALWAYS_SEARCH_USER_PATHS = NO;
				CLANG_ANALYZER_NONNULL = YES;
				CLANG_ANALYZER_NUMBER_OBJECT_CONVERSION = YES_AGGRESSIVE;
				CLANG_CXX_LANGUAGE_STANDARD = "gnu++17";
				CLANG_CXX_LIBRARY = "libc++";
				CLANG_ENABLE_MODULES = YES;
				CLANG_ENABLE_OBJC_ARC = YES;
				CLANG_ENABLE_OBJC_WEAK = YES;
				CLANG_WARN_BLOCK_CAPTURE_AUTORELEASING = YES;
				CLANG_WARN_BOOL_CONVERSION = YES;
				CLANG_WARN_COMMA = YES;
				CLANG_WARN_CONSTANT_CONVERSION = YES;
				CLANG_WARN_DEPRECATED_OBJC_IMPLEMENTATIONS = YES;
				CLANG_WARN_DIRECT_OBJC_ISA_USAGE = YES_ERROR;
				CLANG_WARN_DOCUMENTATION_COMMENTS = YES;
				CLANG_WARN_EMPTY_BODY = YES;
				CLANG_WARN_ENUM_CONVERSION = YES;
				CLANG_WARN_INFINITE_RECURSION = YES;
				CLANG_WARN_INT_CONVERSION = YES;
				CLANG_WARN_NON_LITERAL_NULL_CONVERSION = YES;
				CLANG_WARN_OBJC_IMPLICIT_RETAIN_SELF = YES;
				CLANG_WARN_OBJC_LITERAL_CONVERSION = YES;
				CLANG_WARN_OBJC_ROOT_CLASS = YES_ERROR;
				CLANG_WARN_QUOTED_INCLUDE_IN_FRAMEWORK_HEADER = YES;
				CLANG_WARN_RANGE_LOOP_ANALYSIS = YES;
				CLANG_WARN_STRICT_PROTOTYPES = YES;
				CLANG_WARN_SUSPICIOUS_MOVE = YES;
				CLANG_WARN_UNGUARDED_AVAILABILITY = YES_AGGRESSIVE;
				CLANG_WARN_UNREACHABLE_CODE = YES;
				CLANG_WARN__DUPLICATE_METHOD_MATCH = YES;
				COPY_PHASE_STRIP = NO;
				DEBUG_INFORMATION_FORMAT = "dwarf-with-dsym";
				ENABLE_NS_ASSERTIONS = NO;
				ENABLE_STRICT_OBJC_MSGSEND = YES;
				GCC_C_LANGUAGE_STANDARD = gnu11;
				GCC_NO_COMMON_BLOCKS = YES;
				GCC_WARN_64_TO_32_BIT_CONVERSION = YES;
				GCC_WARN_ABOUT_RETURN_TYPE = YES_ERROR;
				GCC_WARN_UNDECLARED_SELECTOR = YES;
				GCC_WARN_UNINITIALIZED_AUTOS = YES_AGGRESSIVE;
				GCC_WARN_UNUSED_FUNCTION = YES;
				GCC_WARN_UNUSED_VARIABLE = YES;
				IPHONEOS_DEPLOYMENT_TARGET = 14.0;
				MTL_ENABLE_DEBUG_INFO = NO;
				MTL_FAST_MATH = YES;
				SDKROOT = iphoneos;
				SWIFT_COMPILATION_MODE = wholemodule;
				SWIFT_OPTIMIZATION_LEVEL = "-O";
				VALIDATE_PRODUCT = YES;
			};
			name = Release;
		};
		93988D7E27DA473500DF6BF8 /* Debug */ = {
			isa = XCBuildConfiguration;
			buildSettings = {
				ASSETCATALOG_COMPILER_APPICON_NAME = AppIcon;
				ASSETCATALOG_COMPILER_GLOBAL_ACCENT_COLOR_NAME = AccentColor;
				CODE_SIGN_STYLE = Automatic;
				CURRENT_PROJECT_VERSION = 1;
				DEVELOPMENT_TEAM = 6TL325MDWU;
				GENERATE_INFOPLIST_FILE = YES;
				INFOPLIST_FILE = SofaAcademyMarch/SupportingFiles/Info.plist;
				INFOPLIST_KEY_UIApplicationSupportsIndirectInputEvents = YES;
				INFOPLIST_KEY_UILaunchStoryboardName = LaunchScreen;
				INFOPLIST_KEY_UISupportedInterfaceOrientations_iPad = "UIInterfaceOrientationPortrait UIInterfaceOrientationPortraitUpsideDown UIInterfaceOrientationLandscapeLeft UIInterfaceOrientationLandscapeRight";
				INFOPLIST_KEY_UISupportedInterfaceOrientations_iPhone = "UIInterfaceOrientationPortrait UIInterfaceOrientationLandscapeLeft UIInterfaceOrientationLandscapeRight";
				IPHONEOS_DEPLOYMENT_TARGET = 14.0;
				LD_RUNPATH_SEARCH_PATHS = (
					"$(inherited)",
					"@executable_path/Frameworks",
				);
				MARKETING_VERSION = 1.0;
				PRODUCT_BUNDLE_IDENTIFIER = academy.SofaAcademyMarch;
				PRODUCT_NAME = "$(TARGET_NAME)";
				SWIFT_EMIT_LOC_STRINGS = YES;
				SWIFT_VERSION = 5.0;
				TARGETED_DEVICE_FAMILY = 1;
			};
			name = Debug;
		};
		93988D7F27DA473500DF6BF8 /* Release */ = {
			isa = XCBuildConfiguration;
			buildSettings = {
				ASSETCATALOG_COMPILER_APPICON_NAME = AppIcon;
				ASSETCATALOG_COMPILER_GLOBAL_ACCENT_COLOR_NAME = AccentColor;
				CODE_SIGN_STYLE = Automatic;
				CURRENT_PROJECT_VERSION = 1;
				DEVELOPMENT_TEAM = 6TL325MDWU;
				GENERATE_INFOPLIST_FILE = YES;
				INFOPLIST_FILE = SofaAcademyMarch/SupportingFiles/Info.plist;
				INFOPLIST_KEY_UIApplicationSupportsIndirectInputEvents = YES;
				INFOPLIST_KEY_UILaunchStoryboardName = LaunchScreen;
				INFOPLIST_KEY_UISupportedInterfaceOrientations_iPad = "UIInterfaceOrientationPortrait UIInterfaceOrientationPortraitUpsideDown UIInterfaceOrientationLandscapeLeft UIInterfaceOrientationLandscapeRight";
				INFOPLIST_KEY_UISupportedInterfaceOrientations_iPhone = "UIInterfaceOrientationPortrait UIInterfaceOrientationLandscapeLeft UIInterfaceOrientationLandscapeRight";
				IPHONEOS_DEPLOYMENT_TARGET = 14.0;
				LD_RUNPATH_SEARCH_PATHS = (
					"$(inherited)",
					"@executable_path/Frameworks",
				);
				MARKETING_VERSION = 1.0;
				PRODUCT_BUNDLE_IDENTIFIER = academy.SofaAcademyMarch;
				PRODUCT_NAME = "$(TARGET_NAME)";
				SWIFT_EMIT_LOC_STRINGS = YES;
				SWIFT_VERSION = 5.0;
				TARGETED_DEVICE_FAMILY = 1;
			};
			name = Release;
		};
/* End XCBuildConfiguration section */

/* Begin XCConfigurationList section */
		93988D6427DA473400DF6BF8 /* Build configuration list for PBXProject "SofaAcademyMarch" */ = {
			isa = XCConfigurationList;
			buildConfigurations = (
				93988D7B27DA473500DF6BF8 /* Debug */,
				93988D7C27DA473500DF6BF8 /* Release */,
			);
			defaultConfigurationIsVisible = 0;
			defaultConfigurationName = Release;
		};
		93988D7D27DA473500DF6BF8 /* Build configuration list for PBXNativeTarget "SofaAcademyMarch" */ = {
			isa = XCConfigurationList;
			buildConfigurations = (
				93988D7E27DA473500DF6BF8 /* Debug */,
				93988D7F27DA473500DF6BF8 /* Release */,
			);
			defaultConfigurationIsVisible = 0;
			defaultConfigurationName = Release;
		};
/* End XCConfigurationList section */
	};
	rootObject = 93988D6127DA473400DF6BF8 /* Project object */;
}
